
Microsoft Visual Studio Solution File, Format Version 12.00
# Visual Studio 14
VisualStudioVersion = 14.0.25420.1
MinimumVisualStudioVersion = 10.0.40219.1
Project("{FAE04EC0-301F-11D3-BF4B-00C04F79EFBC}") = "HelloNunit", "HelloNunit\HelloNunit.csproj", "{0D0E99A4-41A3-401A-847D-285CBF90A727}"
EndProject
Project("{FAE04EC0-301F-11D3-BF4B-00C04F79EFBC}") = "HelloNunit.Tests", "HelloNunit.Tests\HelloNunit.Tests.csproj", "{ADCE3B57-4120-44C6-AFD1-4FDB6C15C0FF}"
EndProject
Project("{2150E333-8FDC-42A3-9474-1A3956D46DE8}") = "DesignNotes", "DesignNotes", "{9D27AD64-19B3-4427-9584-8FE44C475C4A}"
	ProjectSection(SolutionItems) = preProject
		HelloNunit\DesignNotes\HelloNunit-DesignNotes.txt = HelloNunit\DesignNotes\HelloNunit-DesignNotes.txt
	EndProjectSection
EndProject
Global
	GlobalSection(SolutionConfigurationPlatforms) = preSolution
		Debug|Any CPU = Debug|Any CPU
		Release|Any CPU = Release|Any CPU
	EndGlobalSection
	GlobalSection(ProjectConfigurationPlatforms) = postSolution
		{0D0E99A4-41A3-401A-847D-285CBF90A727}.Debug|Any CPU.ActiveCfg = Debug|Any CPU
		{0D0E99A4-41A3-401A-847D-285CBF90A727}.Debug|Any CPU.Build.0 = Debug|Any CPU
		{0D0E99A4-41A3-401A-847D-285CBF90A727}.Release|Any CPU.ActiveCfg = Release|Any CPU
		{0D0E99A4-41A3-401A-847D-285CBF90A727}.Release|Any CPU.Build.0 = Release|Any CPU
		{ADCE3B57-4120-44C6-AFD1-4FDB6C15C0FF}.Debug|Any CPU.ActiveCfg = Debug|Any CPU
		{ADCE3B57-4120-44C6-AFD1-4FDB6C15C0FF}.Debug|Any CPU.Build.0 = Debug|Any CPU
		{ADCE3B57-4120-44C6-AFD1-4FDB6C15C0FF}.Release|Any CPU.ActiveCfg = Release|Any CPU
		{ADCE3B57-4120-44C6-AFD1-4FDB6C15C0FF}.Release|Any CPU.Build.0 = Release|Any CPU
	EndGlobalSection
	GlobalSection(SolutionProperties) = preSolution
		HideSolutionNode = FALSE
	EndGlobalSection
EndGlobal
